
Microsoft Visual Studio Solution File, Format Version 12.00
# Visual Studio Version 16
VisualStudioVersion = 16.0.29102.190
MinimumVisualStudioVersion = 10.0.40219.1
Project("{FAE04EC0-301F-11D3-BF4B-00C04F79EFBC}") = "MyQbt", "MyQbt\MyQbt.csproj", "{9CAC17DF-D741-4B8C-ACDB-17556038D615}"
EndProject
Project("{FAE04EC0-301F-11D3-BF4B-00C04F79EFBC}") = "QbtWebAPI", "QbtWebAPI\QbtWebAPI.csproj", "{92CEB65A-B93C-418E-9462-F55CD080A469}"
EndProject
Global
	GlobalSection(SolutionConfigurationPlatforms) = preSolution
		Debug|Any CPU = Debug|Any CPU
		Release|Any CPU = Release|Any CPU
	EndGlobalSection
	GlobalSection(ProjectConfigurationPlatforms) = postSolution
		{9CAC17DF-D741-4B8C-ACDB-17556038D615}.Debug|Any CPU.ActiveCfg = Debug|Any CPU
		{9CAC17DF-D741-4B8C-ACDB-17556038D615}.Debug|Any CPU.Build.0 = Debug|Any CPU
		{9CAC17DF-D741-4B8C-ACDB-17556038D615}.Release|Any CPU.ActiveCfg = Release|Any CPU
		{9CAC17DF-D741-4B8C-ACDB-17556038D615}.Release|Any CPU.Build.0 = Release|Any CPU
		{92CEB65A-B93C-418E-9462-F55CD080A469}.Debug|Any CPU.ActiveCfg = Debug|Any CPU
		{92CEB65A-B93C-418E-9462-F55CD080A469}.Debug|Any CPU.Build.0 = Debug|Any CPU
		{92CEB65A-B93C-418E-9462-F55CD080A469}.Release|Any CPU.ActiveCfg = Release|Any CPU
		{92CEB65A-B93C-418E-9462-F55CD080A469}.Release|Any CPU.Build.0 = Release|Any CPU
	EndGlobalSection
	GlobalSection(SolutionProperties) = preSolution
		HideSolutionNode = FALSE
	EndGlobalSection
	GlobalSection(ExtensibilityGlobals) = postSolution
		SolutionGuid = {8702D1EF-651F-4FCA-BC0F-42B6DCA0E985}
	EndGlobalSection
EndGlobal
